{
  "name": "react-ajax-loader",
  "version": "0.1.0",
  "lockfileVersion": 1,
  "requires": true,
  "dependencies": {
    "array-union": {
      "version": "1.0.2",
      "resolved": "http://code.nucleuslabs.com:4873/array-union/-/array-union-1.0.2.tgz",
      "integrity": "sha1-mjRBDk9OPaI96jdb5b5w8kd47Dk=",
      "dev": true,
      "requires": {
        "array-uniq": "1.0.3"
      }
    },
    "array-uniq": {
      "version": "1.0.3",
      "resolved": "http://code.nucleuslabs.com:4873/array-uniq/-/array-uniq-1.0.3.tgz",
      "integrity": "sha1-r2rId6Jcx/dOBYiUdThY39sk/bY=",
      "dev": true
    },
    "asap": {
      "version": "2.0.6",
      "resolved": "http://code.nucleuslabs.com:4873/asap/-/asap-2.0.6.tgz",
      "integrity": "sha1-5QNHYR1+aQlDIIu9r+vLwvuGbUY="
    },
    "balanced-match": {
      "version": "1.0.0",
      "resolved": "http://code.nucleuslabs.com:4873/balanced-match/-/balanced-match-1.0.0.tgz",
      "integrity": "sha1-ibTRmasr7kneFk6gK4nORi1xt2c=",
      "dev": true
    },
    "brace-expansion": {
      "version": "1.1.8",
      "resolved": "http://code.nucleuslabs.com:4873/brace-expansion/-/brace-expansion-1.1.8.tgz",
      "integrity": "sha1-wHshHHyVLsH479Uad+8NHTmQopI=",
      "dev": true,
      "requires": {
        "balanced-match": "1.0.0",
        "concat-map": "0.0.1"
      }
    },
    "browser-resolve": {
      "version": "1.11.2",
      "resolved": "http://code.nucleuslabs.com:4873/browser-resolve/-/browser-resolve-1.11.2.tgz",
      "integrity": "sha1-j/CbCixCFxihBRwmCzLkj0QpOM4=",
      "dev": true,
      "requires": {
        "resolve": "1.1.7"
      },
      "dependencies": {
        "resolve": {
          "version": "1.1.7",
          "resolved": "http://code.nucleuslabs.com:4873/resolve/-/resolve-1.1.7.tgz",
          "integrity": "sha1-IDEU2CrSxe2ejgQRs5ModeiJ6Xs=",
          "dev": true
        }
      }
    },
    "builtin-modules": {
      "version": "2.0.0",
      "resolved": "http://code.nucleuslabs.com:4873/builtin-modules/-/builtin-modules-2.0.0.tgz",
      "integrity": "sha512-3U5kUA5VPsRUA3nofm/BXX7GVHKfxz0hOBAPxXrIvHzlDRkQVqEn6yi8QJegxl4LzOHLdvb7XF5dVawa/VVYBg==",
      "dev": true
    },
    "bundilio": {
      "version": "0.4.3",
      "resolved": "http://code.nucleuslabs.com:4873/bundilio/-/bundilio-0.4.3.tgz",
      "integrity": "sha512-MCHR4kAwzRK4A5a9CgywZ7xC9rZXMpVnbym864AtMuPEXbfc4L6+SxXA6ReBgfk+0emvGI0UZPops6Mz2dORvg==",
      "dev": true,
      "requires": {
        "builtin-modules": "2.0.0",
        "del": "3.0.0",
        "json5": "0.5.1",
        "make-dir": "1.1.0",
        "rollup": "0.52.0",
        "rollup-plugin-node-resolve": "3.0.0"
      }
    },
    "change-emitter": {
      "version": "0.1.6",
      "resolved": "http://code.nucleuslabs.com:4873/change-emitter/-/change-emitter-0.1.6.tgz",
      "integrity": "sha1-6LL+PX8at9aaMhma/5HqaTFAlRU="
    },
    "concat-map": {
      "version": "0.0.1",
      "resolved": "http://code.nucleuslabs.com:4873/concat-map/-/concat-map-0.0.1.tgz",
      "integrity": "sha1-2Klr13/Wjfd5OnMDajug1UBdR3s=",
      "dev": true
    },
    "core-js": {
      "version": "1.2.7",
      "resolved": "http://code.nucleuslabs.com:4873/core-js/-/core-js-1.2.7.tgz",
      "integrity": "sha1-ZSKUwUZR2yj6k70tX/KYOk8IxjY="
    },
    "del": {
      "version": "3.0.0",
      "resolved": "http://code.nucleuslabs.com:4873/del/-/del-3.0.0.tgz",
      "integrity": "sha1-U+z2mf/LyzljdpGrE7rxYIGXZuU=",
      "dev": true,
      "requires": {
        "globby": "6.1.0",
        "is-path-cwd": "1.0.0",
        "is-path-in-cwd": "1.0.0",
        "p-map": "1.2.0",
        "pify": "3.0.0",
        "rimraf": "2.6.2"
      }
    },
    "encoding": {
      "version": "0.1.12",
      "resolved": "http://code.nucleuslabs.com:4873/encoding/-/encoding-0.1.12.tgz",
      "integrity": "sha1-U4tm8+5izRq1HsMjgp0flIDHS+s=",
      "requires": {
        "iconv-lite": "0.4.19"
      }
    },
    "fbjs": {
      "version": "0.8.16",
      "resolved": "http://code.nucleuslabs.com:4873/fbjs/-/fbjs-0.8.16.tgz",
      "integrity": "sha1-XmdDL1UNxBtXK/VYR7ispk5TN9s=",
      "requires": {
        "core-js": "1.2.7",
        "isomorphic-fetch": "2.2.1",
        "loose-envify": "1.3.1",
        "object-assign": "4.1.1",
        "promise": "7.3.1",
        "setimmediate": "1.0.5",
        "ua-parser-js": "0.7.17"
      }
    },
    "fs.realpath": {
      "version": "1.0.0",
      "resolved": "http://code.nucleuslabs.com:4873/fs.realpath/-/fs.realpath-1.0.0.tgz",
      "integrity": "sha1-FQStJSMVjKpA20onh8sBQRmU6k8=",
      "dev": true
    },
    "glob": {
      "version": "7.1.2",
      "resolved": "http://code.nucleuslabs.com:4873/glob/-/glob-7.1.2.tgz",
      "integrity": "sha512-MJTUg1kjuLeQCJ+ccE4Vpa6kKVXkPYJ2mOCQyUuKLcLQsdrMCpBPUi8qVE6+YuaJkozeA9NusTAw3hLr8Xe5EQ==",
      "dev": true,
      "requires": {
        "fs.realpath": "1.0.0",
        "inflight": "1.0.6",
        "inherits": "2.0.3",
        "minimatch": "3.0.4",
        "once": "1.4.0",
        "path-is-absolute": "1.0.1"
      }
    },
    "globby": {
      "version": "6.1.0",
      "resolved": "http://code.nucleuslabs.com:4873/globby/-/globby-6.1.0.tgz",
      "integrity": "sha1-9abXDoOV4hyFj7BInWTfAkJNUGw=",
      "dev": true,
      "requires": {
        "array-union": "1.0.2",
        "glob": "7.1.2",
        "object-assign": "4.1.1",
        "pify": "2.3.0",
        "pinkie-promise": "2.0.1"
      },
      "dependencies": {
        "pify": {
          "version": "2.3.0",
          "resolved": "http://code.nucleuslabs.com:4873/pify/-/pify-2.3.0.tgz",
          "integrity": "sha1-7RQaasBDqEnqWISY59yosVMw6Qw=",
          "dev": true
        }
      }
    },
    "hoist-non-react-statics": {
      "version": "2.3.1",
      "resolved": "http://code.nucleuslabs.com:4873/hoist-non-react-statics/-/hoist-non-react-statics-2.3.1.tgz",
      "integrity": "sha1-ND24TGAYxlB3iJgkATWhQg7iLOA="
    },
    "iconv-lite": {
      "version": "0.4.19",
      "resolved": "http://code.nucleuslabs.com:4873/iconv-lite/-/iconv-lite-0.4.19.tgz",
      "integrity": "sha512-oTZqweIP51xaGPI4uPa56/Pri/480R+mo7SeU+YETByQNhDG55ycFyNLIgta9vXhILrxXDmF7ZGhqZIcuN0gJQ=="
    },
    "inflight": {
      "version": "1.0.6",
      "resolved": "http://code.nucleuslabs.com:4873/inflight/-/inflight-1.0.6.tgz",
      "integrity": "sha1-Sb1jMdfQLQwJvJEKEHW6gWW1bfk=",
      "dev": true,
      "requires": {
        "once": "1.4.0",
        "wrappy": "1.0.2"
      }
    },
    "inherits": {
      "version": "2.0.3",
      "resolved": "http://code.nucleuslabs.com:4873/inherits/-/inherits-2.0.3.tgz",
      "integrity": "sha1-Yzwsg+PaQqUC9SRmAiSA9CCCYd4=",
      "dev": true
    },
    "is-module": {
      "version": "1.0.0",
      "resolved": "http://code.nucleuslabs.com:4873/is-module/-/is-module-1.0.0.tgz",
      "integrity": "sha1-Mlj7afeMFNW4FdZkM2tM/7ZEFZE=",
      "dev": true
    },
    "is-path-cwd": {
      "version": "1.0.0",
      "resolved": "http://code.nucleuslabs.com:4873/is-path-cwd/-/is-path-cwd-1.0.0.tgz",
      "integrity": "sha1-0iXsIxMuie3Tj9p2dHLmLmXxEG0=",
      "dev": true
    },
    "is-path-in-cwd": {
      "version": "1.0.0",
      "resolved": "http://code.nucleuslabs.com:4873/is-path-in-cwd/-/is-path-in-cwd-1.0.0.tgz",
      "integrity": "sha1-ZHdYK4IU1gI0YJRWcAO+ip6sBNw=",
      "dev": true,
      "requires": {
        "is-path-inside": "1.0.1"
      }
    },
    "is-path-inside": {
      "version": "1.0.1",
      "resolved": "http://code.nucleuslabs.com:4873/is-path-inside/-/is-path-inside-1.0.1.tgz",
      "integrity": "sha1-jvW33lBDej/cprToZe96pVy0gDY=",
      "dev": true,
      "requires": {
        "path-is-inside": "1.0.2"
      }
    },
    "is-stream": {
      "version": "1.1.0",
      "resolved": "http://code.nucleuslabs.com:4873/is-stream/-/is-stream-1.1.0.tgz",
      "integrity": "sha1-EtSj3U5o4Lec6428hBc66A2RykQ="
    },
    "isomorphic-fetch": {
      "version": "2.2.1",
      "resolved": "http://code.nucleuslabs.com:4873/isomorphic-fetch/-/isomorphic-fetch-2.2.1.tgz",
      "integrity": "sha1-YRrhrPFPXoH3KVB0coGf6XM1WKk=",
      "requires": {
        "node-fetch": "1.7.3",
        "whatwg-fetch": "2.0.3"
      }
    },
    "js-tokens": {
      "version": "3.0.2",
      "resolved": "http://code.nucleuslabs.com:4873/js-tokens/-/js-tokens-3.0.2.tgz",
      "integrity": "sha1-mGbfOVECEw449/mWvOtlRDIJwls="
    },
    "json5": {
      "version": "0.5.1",
      "resolved": "http://code.nucleuslabs.com:4873/json5/-/json5-0.5.1.tgz",
      "integrity": "sha1-Hq3nrMASA0rYTiOWdn6tn6VJWCE=",
      "dev": true
    },
    "lodash": {
      "version": "4.17.4",
      "resolved": "http://code.nucleuslabs.com:4873/lodash/-/lodash-4.17.4.tgz",
      "integrity": "sha1-eCA6TRwyiuHYbcpkYONptX9AVa4="
    },
    "loose-envify": {
      "version": "1.3.1",
      "resolved": "http://code.nucleuslabs.com:4873/loose-envify/-/loose-envify-1.3.1.tgz",
      "integrity": "sha1-0aitM/qc4OcT1l/dCsi3SNR4yEg=",
      "requires": {
        "js-tokens": "3.0.2"
      }
    },
    "make-dir": {
      "version": "1.1.0",
      "resolved": "http://code.nucleuslabs.com:4873/make-dir/-/make-dir-1.1.0.tgz",
      "integrity": "sha512-0Pkui4wLJ7rxvmfUvs87skoEaxmu0hCUApF8nonzpl7q//FWp9zu8W61Scz4sd/kUiqDxvUhtoam2efDyiBzcA==",
      "dev": true,
      "requires": {
        "pify": "3.0.0"
      }
    },
    "minimatch": {
      "version": "3.0.4",
      "resolved": "http://code.nucleuslabs.com:4873/minimatch/-/minimatch-3.0.4.tgz",
      "integrity": "sha512-yJHVQEhyqPLUTgt9B83PXu6W3rx4MvvHvSUvToogpwoGDOUQ+yDrR0HRot+yOCdCO7u4hX3pWft6kWBBcqh0UA==",
      "dev": true,
      "requires": {
        "brace-expansion": "1.1.8"
      }
    },
    "node-fetch": {
      "version": "1.7.3",
      "resolved": "http://code.nucleuslabs.com:4873/node-fetch/-/node-fetch-1.7.3.tgz",
      "integrity": "sha512-NhZ4CsKx7cYm2vSrBAr2PvFOe6sWDf0UYLRqA6svUYg7+/TSfVAu49jYC4BvQ4Sms9SZgdqGBgroqfDhJdTyKQ==",
      "requires": {
        "encoding": "0.1.12",
        "is-stream": "1.1.0"
      }
    },
    "object-assign": {
      "version": "4.1.1",
      "resolved": "http://code.nucleuslabs.com:4873/object-assign/-/object-assign-4.1.1.tgz",
      "integrity": "sha1-IQmtx5ZYh8/AXLvUQsrIv7s2CGM="
    },
    "object-hash": {
      "version": "1.2.0",
      "resolved": "http://code.nucleuslabs.com:4873/object-hash/-/object-hash-1.2.0.tgz",
      "integrity": "sha512-smRWXzkvxw72VquyZ0wggySl7PFUtoDhvhpdwgESXxUrH7vVhhp9asfup1+rVLrhsl7L45Ee1Q/l5R2Ul4MwUg=="
    },
    "once": {
      "version": "1.4.0",
      "resolved": "http://code.nucleuslabs.com:4873/once/-/once-1.4.0.tgz",
      "integrity": "sha1-WDsap3WWHUsROsF9nFC6753Xa9E=",
      "dev": true,
      "requires": {
        "wrappy": "1.0.2"
      }
    },
    "p-map": {
      "version": "1.2.0",
      "resolved": "http://code.nucleuslabs.com:4873/p-map/-/p-map-1.2.0.tgz",
      "integrity": "sha512-r6zKACMNhjPJMTl8KcFH4li//gkrXWfbD6feV8l6doRHlzljFWGJ2AP6iKaCJXyZmAUMOPtvbW7EXkbWO/pLEA==",
      "dev": true
    },
    "path-is-absolute": {
      "version": "1.0.1",
      "resolved": "http://code.nucleuslabs.com:4873/path-is-absolute/-/path-is-absolute-1.0.1.tgz",
      "integrity": "sha1-F0uSaHNVNP+8es5r9TpanhtcX18=",
      "dev": true
    },
    "path-is-inside": {
      "version": "1.0.2",
      "resolved": "http://code.nucleuslabs.com:4873/path-is-inside/-/path-is-inside-1.0.2.tgz",
      "integrity": "sha1-NlQX3t5EQw0cEa9hAn+s8HS9/FM=",
      "dev": true
    },
    "path-parse": {
      "version": "1.0.5",
      "resolved": "http://code.nucleuslabs.com:4873/path-parse/-/path-parse-1.0.5.tgz",
      "integrity": "sha1-PBrfhx6pzWyUMbbqK9dKD/BVxME=",
      "dev": true
    },
    "pify": {
      "version": "3.0.0",
      "resolved": "http://code.nucleuslabs.com:4873/pify/-/pify-3.0.0.tgz",
      "integrity": "sha1-5aSs0sEB/fPZpNB/DbxNtJ3SgXY=",
      "dev": true
    },
    "pinkie": {
      "version": "2.0.4",
      "resolved": "http://code.nucleuslabs.com:4873/pinkie/-/pinkie-2.0.4.tgz",
      "integrity": "sha1-clVrgM+g1IqXToDnckjoDtT3+HA=",
      "dev": true
    },
    "pinkie-promise": {
      "version": "2.0.1",
      "resolved": "http://code.nucleuslabs.com:4873/pinkie-promise/-/pinkie-promise-2.0.1.tgz",
      "integrity": "sha1-ITXW36ejWMBprJsXh3YogihFD/o=",
      "dev": true,
      "requires": {
        "pinkie": "2.0.4"
      }
    },
    "promise": {
      "version": "7.3.1",
      "resolved": "http://code.nucleuslabs.com:4873/promise/-/promise-7.3.1.tgz",
      "integrity": "sha512-nolQXZ/4L+bP/UGlkfaIujX9BKxGwmQ9OT4mOt5yvy8iK1h3wqTEJCijzGANTCCl9nWjY41juyAn2K3Q1hLLTg==",
      "requires": {
        "asap": "2.0.6"
      }
    },
    "recompose": {
      "version": "0.26.0",
      "resolved": "http://code.nucleuslabs.com:4873/recompose/-/recompose-0.26.0.tgz",
      "integrity": "sha512-KwOu6ztO0mN5vy3+zDcc45lgnaUoaQse/a5yLVqtzTK13czSWnFGmXbQVmnoMgDkI5POd1EwIKSbjU1V7xdZog==",
      "requires": {
        "change-emitter": "0.1.6",
        "fbjs": "0.8.16",
        "hoist-non-react-statics": "2.3.1",
        "symbol-observable": "1.1.0"
      }
    },
    "resolve": {
      "version": "1.5.0",
      "resolved": "http://code.nucleuslabs.com:4873/resolve/-/resolve-1.5.0.tgz",
      "integrity": "sha512-hgoSGrc3pjzAPHNBg+KnFcK2HwlHTs/YrAGUr6qgTVUZmXv1UEXXl0bZNBKMA9fud6lRYFdPGz0xXxycPzmmiw==",
      "dev": true,
      "requires": {
        "path-parse": "1.0.5"
      }
    },
    "rimraf": {
      "version": "2.6.2",
      "resolved": "http://code.nucleuslabs.com:4873/rimraf/-/rimraf-2.6.2.tgz",
      "integrity": "sha512-lreewLK/BlghmxtfH36YYVg1i8IAce4TI7oao75I1g245+6BctqTVQiBP3YUJ9C6DQOXJmkYR9X9fCLtCOJc5w==",
      "dev": true,
      "requires": {
        "glob": "7.1.2"
      }
    },
    "rollup": {
      "version": "0.52.0",
      "resolved": "http://code.nucleuslabs.com:4873/rollup/-/rollup-0.52.0.tgz",
      "integrity": "sha512-IQ+t5uoeMSHpDyeJj4uFVWj+ocS8sUbFPNKCssyCac3GVgLs62nFH6UdU0nGLRIxjasPaN7wGHEioVXbxXRaYQ==",
      "dev": true
    },
    "rollup-plugin-node-resolve": {
      "version": "3.0.0",
      "resolved": "http://code.nucleuslabs.com:4873/rollup-plugin-node-resolve/-/rollup-plugin-node-resolve-3.0.0.tgz",
      "integrity": "sha1-i4l8TDAw1QASd7BRSyXSygloPuA=",
      "dev": true,
      "requires": {
        "browser-resolve": "1.11.2",
        "builtin-modules": "1.1.1",
        "is-module": "1.0.0",
        "resolve": "1.5.0"
      },
      "dependencies": {
        "builtin-modules": {
          "version": "1.1.1",
          "resolved": "http://code.nucleuslabs.com:4873/builtin-modules/-/builtin-modules-1.1.1.tgz",
          "integrity": "sha1-Jw8HbFpywC9bZaR9+Uxf46J4iS8=",
          "dev": true
        }
      }
    },
    "setimmediate": {
      "version": "1.0.5",
      "resolved": "http://code.nucleuslabs.com:4873/setimmediate/-/setimmediate-1.0.5.tgz",
      "integrity": "sha1-KQy7Iy4waULX1+qbg3Mqt4VvgoU="
    },
    "shallowequal": {
      "version": "1.0.2",
      "resolved": "http://code.nucleuslabs.com:4873/shallowequal/-/shallowequal-1.0.2.tgz",
      "integrity": "sha512-zlVXeVUKvo+HEv1e2KQF/csyeMKx2oHvatQ9l6XjCUj3agvC8XGf6R9HvIPDSmp8FNPvx7b5kaEJTRi7CqxtEw=="
    },
    "symbol-observable": {
      "version": "1.1.0",
      "resolved": "http://code.nucleuslabs.com:4873/symbol-observable/-/symbol-observable-1.1.0.tgz",
      "integrity": "sha512-dQoid9tqQ+uotGhuTKEY11X4xhyYePVnqGSoSm3OGKh2E8LZ6RPULp1uXTctk33IeERlrRJYoVSBglsL05F5Uw=="
    },
    "ua-parser-js": {
      "version": "0.7.17",
      "resolved": "http://code.nucleuslabs.com:4873/ua-parser-js/-/ua-parser-js-0.7.17.tgz",
      "integrity": "sha512-uRdSdu1oA1rncCQL7sCj8vSyZkgtL7faaw9Tc9rZ3mGgraQ7+Pdx7w5mnOSF3gw9ZNG6oc+KXfkon3bKuROm0g=="
    },
    "whatwg-fetch": {
      "version": "2.0.3",
      "resolved": "http://code.nucleuslabs.com:4873/whatwg-fetch/-/whatwg-fetch-2.0.3.tgz",
      "integrity": "sha1-nITsLc9oGH/wC8ZOEnS0QhduHIQ="
    },
    "wrappy": {
      "version": "1.0.2",
      "resolved": "http://code.nucleuslabs.com:4873/wrappy/-/wrappy-1.0.2.tgz",
      "integrity": "sha1-tSQ9jz7BqjXxNkYFvA0QNuMKtp8=",
      "dev": true
    }
  }
}
